
Microsoft Visual Studio Solution File, Format Version 12.00
# Visual Studio 2013
VisualStudioVersion = 12.0.40629.0
MinimumVisualStudioVersion = 10.0.40219.1
Project("{FAE04EC0-301F-11D3-BF4B-00C04F79EFBC}") = "TabularGridSample", "TabularGridSample\TabularGridSample.csproj", "{5A3CD1C3-6855-4C00-9BB0-02B79A18C6B6}"
EndProject
Global
	GlobalSection(SolutionConfigurationPlatforms) = preSolution
		Debug|Any CPU = Debug|Any CPU
		Release|Any CPU = Release|Any CPU
	EndGlobalSection
	GlobalSection(ProjectConfigurationPlatforms) = postSolution
		{5A3CD1C3-6855-4C00-9BB0-02B79A18C6B6}.Debug|Any CPU.ActiveCfg = Debug|Any CPU
		{5A3CD1C3-6855-4C00-9BB0-02B79A18C6B6}.Debug|Any CPU.Build.0 = Debug|Any CPU
		{5A3CD1C3-6855-4C00-9BB0-02B79A18C6B6}.Release|Any CPU.ActiveCfg = Release|Any CPU
		{5A3CD1C3-6855-4C00-9BB0-02B79A18C6B6}.Release|Any CPU.Build.0 = Release|Any CPU
	EndGlobalSection
	GlobalSection(SolutionProperties) = preSolution
		HideSolutionNode = FALSE
	EndGlobalSection
EndGlobal
